
Microsoft Visual Studio Solution File, Format Version 12.00
# Visual Studio 15
VisualStudioVersion = 15.0.27703.2035
MinimumVisualStudioVersion = 10.0.40219.1
Project("{FAE04EC0-301F-11D3-BF4B-00C04F79EFBC}") = "AuthorizeTool", "AuthorizeTool\AuthorizeTool.csproj", "{406F5522-2AC4-41D8-BCBD-2768C2FE2CC6}"
EndProject
Global
	GlobalSection(SolutionConfigurationPlatforms) = preSolution
		Debug|Any CPU = Debug|Any CPU
		Release|Any CPU = Release|Any CPU
	EndGlobalSection
	GlobalSection(ProjectConfigurationPlatforms) = postSolution
		{406F5522-2AC4-41D8-BCBD-2768C2FE2CC6}.Debug|Any CPU.ActiveCfg = Debug|Any CPU
		{406F5522-2AC4-41D8-BCBD-2768C2FE2CC6}.Debug|Any CPU.Build.0 = Debug|Any CPU
		{406F5522-2AC4-41D8-BCBD-2768C2FE2CC6}.Release|Any CPU.ActiveCfg = Release|Any CPU
		{406F5522-2AC4-41D8-BCBD-2768C2FE2CC6}.Release|Any CPU.Build.0 = Release|Any CPU
	EndGlobalSection
	GlobalSection(SolutionProperties) = preSolution
		HideSolutionNode = FALSE
	EndGlobalSection
	GlobalSection(ExtensibilityGlobals) = postSolution
		SolutionGuid = {42E5D8EF-ED7D-48CD-8D1C-B8371608B8F1}
	EndGlobalSection
EndGlobal
